
Microsoft Visual Studio Solution File, Format Version 11.00
# Visual Studio 2010
Project("{FAE04EC0-301F-11D3-BF4B-00C04F79EFBC}") = "Assembly-CSharp", "Assembly-CSharp.csproj", "{9461416c-ed0e-29c8-a167-b57eff9a07ec}"
EndProject
Project("{FAE04EC0-301F-11D3-BF4B-00C04F79EFBC}") = "PhotonUnityNetworking.Utilities", "PhotonUnityNetworking.Utilities.csproj", "{81d35be6-f80e-9717-816e-f8b9911a87d3}"
EndProject
Project("{FAE04EC0-301F-11D3-BF4B-00C04F79EFBC}") = "PhotonChat", "PhotonChat.csproj", "{4a5c02dc-775f-6420-8cac-7522794828a9}"
EndProject
Project("{FAE04EC0-301F-11D3-BF4B-00C04F79EFBC}") = "PhotonUnityNetworking", "PhotonUnityNetworking.csproj", "{b8821b14-ff77-03b6-4e24-029b898b596b}"
EndProject
Project("{FAE04EC0-301F-11D3-BF4B-00C04F79EFBC}") = "PhotonRealtime", "PhotonRealtime.csproj", "{7f5fc517-f829-9fc0-c6f6-81da9ab2f5a2}"
EndProject
Project("{FAE04EC0-301F-11D3-BF4B-00C04F79EFBC}") = "StylizedWaterForURP", "StylizedWaterForURP.csproj", "{fa586136-6c2a-3ff4-3c75-ff04a1543af2}"
EndProject
Project("{FAE04EC0-301F-11D3-BF4B-00C04F79EFBC}") = "Assembly-CSharp-Editor", "Assembly-CSharp-Editor.csproj", "{e5d081d8-f6ae-be7f-18d3-f56460f5b797}"
EndProject
Project("{FAE04EC0-301F-11D3-BF4B-00C04F79EFBC}") = "PhotonUnityNetworking.Editor", "PhotonUnityNetworking.Editor.csproj", "{566695c8-48bc-6677-bf63-f8acd1f05313}"
EndProject
Project("{FAE04EC0-301F-11D3-BF4B-00C04F79EFBC}") = "PhotonUnityNetworking.Utilities.PhotonPlayer.Editor", "PhotonUnityNetworking.Utilities.PhotonPlayer.Editor.csproj", "{7b8c8cfa-fe6a-557a-399c-cbe423c23c59}"
EndProject
Project("{FAE04EC0-301F-11D3-BF4B-00C04F79EFBC}") = "StylizedWaterForURPEditor", "StylizedWaterForURPEditor.csproj", "{c015c421-d6bf-9f2d-2937-3472e4c11138}"
EndProject
Project("{FAE04EC0-301F-11D3-BF4B-00C04F79EFBC}") = "PhotonUnityNetworking.Utilities.Culling.Editor", "PhotonUnityNetworking.Utilities.Culling.Editor.csproj", "{bee1f07c-c72a-444e-772d-6775fa7aa936}"
EndProject
Global
	GlobalSection(SolutionConfigurationPlatforms) = preSolution
		Debug|Any CPU = Debug|Any CPU
	EndGlobalSection
	GlobalSection(ProjectConfigurationPlatforms) = postSolution
		{9461416c-ed0e-29c8-a167-b57eff9a07ec}.Debug|Any CPU.ActiveCfg = Debug|Any CPU
		{9461416c-ed0e-29c8-a167-b57eff9a07ec}.Debug|Any CPU.Build.0 = Debug|Any CPU
		{81d35be6-f80e-9717-816e-f8b9911a87d3}.Debug|Any CPU.ActiveCfg = Debug|Any CPU
		{81d35be6-f80e-9717-816e-f8b9911a87d3}.Debug|Any CPU.Build.0 = Debug|Any CPU
		{4a5c02dc-775f-6420-8cac-7522794828a9}.Debug|Any CPU.ActiveCfg = Debug|Any CPU
		{4a5c02dc-775f-6420-8cac-7522794828a9}.Debug|Any CPU.Build.0 = Debug|Any CPU
		{b8821b14-ff77-03b6-4e24-029b898b596b}.Debug|Any CPU.ActiveCfg = Debug|Any CPU
		{b8821b14-ff77-03b6-4e24-029b898b596b}.Debug|Any CPU.Build.0 = Debug|Any CPU
		{7f5fc517-f829-9fc0-c6f6-81da9ab2f5a2}.Debug|Any CPU.ActiveCfg = Debug|Any CPU
		{7f5fc517-f829-9fc0-c6f6-81da9ab2f5a2}.Debug|Any CPU.Build.0 = Debug|Any CPU
		{fa586136-6c2a-3ff4-3c75-ff04a1543af2}.Debug|Any CPU.ActiveCfg = Debug|Any CPU
		{fa586136-6c2a-3ff4-3c75-ff04a1543af2}.Debug|Any CPU.Build.0 = Debug|Any CPU
		{e5d081d8-f6ae-be7f-18d3-f56460f5b797}.Debug|Any CPU.ActiveCfg = Debug|Any CPU
		{e5d081d8-f6ae-be7f-18d3-f56460f5b797}.Debug|Any CPU.Build.0 = Debug|Any CPU
		{566695c8-48bc-6677-bf63-f8acd1f05313}.Debug|Any CPU.ActiveCfg = Debug|Any CPU
		{566695c8-48bc-6677-bf63-f8acd1f05313}.Debug|Any CPU.Build.0 = Debug|Any CPU
		{7b8c8cfa-fe6a-557a-399c-cbe423c23c59}.Debug|Any CPU.ActiveCfg = Debug|Any CPU
		{7b8c8cfa-fe6a-557a-399c-cbe423c23c59}.Debug|Any CPU.Build.0 = Debug|Any CPU
		{c015c421-d6bf-9f2d-2937-3472e4c11138}.Debug|Any CPU.ActiveCfg = Debug|Any CPU
		{c015c421-d6bf-9f2d-2937-3472e4c11138}.Debug|Any CPU.Build.0 = Debug|Any CPU
		{bee1f07c-c72a-444e-772d-6775fa7aa936}.Debug|Any CPU.ActiveCfg = Debug|Any CPU
		{bee1f07c-c72a-444e-772d-6775fa7aa936}.Debug|Any CPU.Build.0 = Debug|Any CPU
	EndGlobalSection
	GlobalSection(SolutionProperties) = preSolution
		HideSolutionNode = FALSE
	EndGlobalSection
EndGlobal
