
Microsoft Visual Studio Solution File, Format Version 11.00
# Visual Studio 2010
Project("{FAE04EC0-301F-11D3-BF4B-00C04F79EFBC}") = "PhotonUnityNetworking.Utilities", "PhotonUnityNetworking.Utilities.csproj", "{E65BD381-0EF8-1797-816E-F8B9911A87D3}"
EndProject
Project("{FAE04EC0-301F-11D3-BF4B-00C04F79EFBC}") = "Assembly-CSharp", "Assembly-CSharp.csproj", "{6C416194-0EED-C829-A167-B57EFF9A07EC}"
EndProject
Project("{FAE04EC0-301F-11D3-BF4B-00C04F79EFBC}") = "PhotonChat", "PhotonChat.csproj", "{DC025C4A-5F77-2064-8CAC-7522794828A9}"
EndProject
Project("{FAE04EC0-301F-11D3-BF4B-00C04F79EFBC}") = "PhotonUnityNetworking", "PhotonUnityNetworking.csproj", "{141B82B8-77FF-B603-4E24-029B898B596B}"
EndProject
Project("{FAE04EC0-301F-11D3-BF4B-00C04F79EFBC}") = "PhotonRealtime", "PhotonRealtime.csproj", "{17C55F7F-29F8-C09F-C6F6-81DA9AB2F5A2}"
EndProject
Project("{FAE04EC0-301F-11D3-BF4B-00C04F79EFBC}") = "StylizedWaterForURP", "StylizedWaterForURP.csproj", "{366158FA-2A6C-F43F-3C75-FF04A1543AF2}"
EndProject
Project("{FAE04EC0-301F-11D3-BF4B-00C04F79EFBC}") = "PhotonUnityNetworking.Editor", "PhotonUnityNetworking.Editor.csproj", "{C8956656-BC48-7766-BF63-F8ACD1F05313}"
EndProject
Project("{FAE04EC0-301F-11D3-BF4B-00C04F79EFBC}") = "PhotonUnityNetworking.Utilities.PhotonPlayer.Editor", "PhotonUnityNetworking.Utilities.PhotonPlayer.Editor.csproj", "{FA8C8C7B-6AFE-7A55-399C-CBE423C23C59}"
EndProject
Project("{FAE04EC0-301F-11D3-BF4B-00C04F79EFBC}") = "StylizedWaterForURPEditor", "StylizedWaterForURPEditor.csproj", "{21C415C0-BFD6-2D9F-2937-3472E4C11138}"
EndProject
Project("{FAE04EC0-301F-11D3-BF4B-00C04F79EFBC}") = "PhotonUnityNetworking.Utilities.Culling.Editor", "PhotonUnityNetworking.Utilities.Culling.Editor.csproj", "{7CF0E1BE-2AC7-4E44-772D-6775FA7AA936}"
EndProject
Global
	GlobalSection(SolutionConfigurationPlatforms) = preSolution
		Debug|Any CPU = Debug|Any CPU
		Release|Any CPU = Release|Any CPU
	EndGlobalSection
	GlobalSection(ProjectConfigurationPlatforms) = postSolution
		{E65BD381-0EF8-1797-816E-F8B9911A87D3}.Debug|Any CPU.ActiveCfg = Debug|Any CPU
		{E65BD381-0EF8-1797-816E-F8B9911A87D3}.Debug|Any CPU.Build.0 = Debug|Any CPU
		{E65BD381-0EF8-1797-816E-F8B9911A87D3}.Release|Any CPU.ActiveCfg = Release|Any CPU
		{E65BD381-0EF8-1797-816E-F8B9911A87D3}.Release|Any CPU.Build.0 = Release|Any CPU
		{6C416194-0EED-C829-A167-B57EFF9A07EC}.Debug|Any CPU.ActiveCfg = Debug|Any CPU
		{6C416194-0EED-C829-A167-B57EFF9A07EC}.Debug|Any CPU.Build.0 = Debug|Any CPU
		{6C416194-0EED-C829-A167-B57EFF9A07EC}.Release|Any CPU.ActiveCfg = Release|Any CPU
		{6C416194-0EED-C829-A167-B57EFF9A07EC}.Release|Any CPU.Build.0 = Release|Any CPU
		{DC025C4A-5F77-2064-8CAC-7522794828A9}.Debug|Any CPU.ActiveCfg = Debug|Any CPU
		{DC025C4A-5F77-2064-8CAC-7522794828A9}.Debug|Any CPU.Build.0 = Debug|Any CPU
		{DC025C4A-5F77-2064-8CAC-7522794828A9}.Release|Any CPU.ActiveCfg = Release|Any CPU
		{DC025C4A-5F77-2064-8CAC-7522794828A9}.Release|Any CPU.Build.0 = Release|Any CPU
		{141B82B8-77FF-B603-4E24-029B898B596B}.Debug|Any CPU.ActiveCfg = Debug|Any CPU
		{141B82B8-77FF-B603-4E24-029B898B596B}.Debug|Any CPU.Build.0 = Debug|Any CPU
		{141B82B8-77FF-B603-4E24-029B898B596B}.Release|Any CPU.ActiveCfg = Release|Any CPU
		{141B82B8-77FF-B603-4E24-029B898B596B}.Release|Any CPU.Build.0 = Release|Any CPU
		{17C55F7F-29F8-C09F-C6F6-81DA9AB2F5A2}.Debug|Any CPU.ActiveCfg = Debug|Any CPU
		{17C55F7F-29F8-C09F-C6F6-81DA9AB2F5A2}.Debug|Any CPU.Build.0 = Debug|Any CPU
		{17C55F7F-29F8-C09F-C6F6-81DA9AB2F5A2}.Release|Any CPU.ActiveCfg = Release|Any CPU
		{17C55F7F-29F8-C09F-C6F6-81DA9AB2F5A2}.Release|Any CPU.Build.0 = Release|Any CPU
		{366158FA-2A6C-F43F-3C75-FF04A1543AF2}.Debug|Any CPU.ActiveCfg = Debug|Any CPU
		{366158FA-2A6C-F43F-3C75-FF04A1543AF2}.Debug|Any CPU.Build.0 = Debug|Any CPU
		{366158FA-2A6C-F43F-3C75-FF04A1543AF2}.Release|Any CPU.ActiveCfg = Release|Any CPU
		{366158FA-2A6C-F43F-3C75-FF04A1543AF2}.Release|Any CPU.Build.0 = Release|Any CPU
		{C8956656-BC48-7766-BF63-F8ACD1F05313}.Debug|Any CPU.ActiveCfg = Debug|Any CPU
		{C8956656-BC48-7766-BF63-F8ACD1F05313}.Debug|Any CPU.Build.0 = Debug|Any CPU
		{C8956656-BC48-7766-BF63-F8ACD1F05313}.Release|Any CPU.ActiveCfg = Release|Any CPU
		{C8956656-BC48-7766-BF63-F8ACD1F05313}.Release|Any CPU.Build.0 = Release|Any CPU
		{FA8C8C7B-6AFE-7A55-399C-CBE423C23C59}.Debug|Any CPU.ActiveCfg = Debug|Any CPU
		{FA8C8C7B-6AFE-7A55-399C-CBE423C23C59}.Debug|Any CPU.Build.0 = Debug|Any CPU
		{FA8C8C7B-6AFE-7A55-399C-CBE423C23C59}.Release|Any CPU.ActiveCfg = Release|Any CPU
		{FA8C8C7B-6AFE-7A55-399C-CBE423C23C59}.Release|Any CPU.Build.0 = Release|Any CPU
		{21C415C0-BFD6-2D9F-2937-3472E4C11138}.Debug|Any CPU.ActiveCfg = Debug|Any CPU
		{21C415C0-BFD6-2D9F-2937-3472E4C11138}.Debug|Any CPU.Build.0 = Debug|Any CPU
		{21C415C0-BFD6-2D9F-2937-3472E4C11138}.Release|Any CPU.ActiveCfg = Release|Any CPU
		{21C415C0-BFD6-2D9F-2937-3472E4C11138}.Release|Any CPU.Build.0 = Release|Any CPU
		{7CF0E1BE-2AC7-4E44-772D-6775FA7AA936}.Debug|Any CPU.ActiveCfg = Debug|Any CPU
		{7CF0E1BE-2AC7-4E44-772D-6775FA7AA936}.Debug|Any CPU.Build.0 = Debug|Any CPU
		{7CF0E1BE-2AC7-4E44-772D-6775FA7AA936}.Release|Any CPU.ActiveCfg = Release|Any CPU
		{7CF0E1BE-2AC7-4E44-772D-6775FA7AA936}.Release|Any CPU.Build.0 = Release|Any CPU
	EndGlobalSection
	GlobalSection(SolutionProperties) = preSolution
		HideSolutionNode = FALSE
	EndGlobalSection
EndGlobal
